
Microsoft Visual Studio Solution File, Format Version 12.00
# Visual Studio Version 17
VisualStudioVersion = 17.14.36127.28 d17.14
MinimumVisualStudioVersion = 10.0.40219.1
Project("{FAE04EC0-301F-11D3-BF4B-00C04F79EFBC}") = "TicketManagementSystemAPI", "TicketManagementSystemAPI.csproj", "{A80FF7AF-9CCB-4E25-8548-F85E8DF9551E}"
EndProject
Global
	GlobalSection(SolutionConfigurationPlatforms) = preSolution
		Debug|Any CPU = Debug|Any CPU
		Release|Any CPU = Release|Any CPU
	EndGlobalSection
	GlobalSection(ProjectConfigurationPlatforms) = postSolution
		{A80FF7AF-9CCB-4E25-8548-F85E8DF9551E}.Debug|Any CPU.ActiveCfg = Debug|Any CPU
		{A80FF7AF-9CCB-4E25-8548-F85E8DF9551E}.Debug|Any CPU.Build.0 = Debug|Any CPU
		{A80FF7AF-9CCB-4E25-8548-F85E8DF9551E}.Release|Any CPU.ActiveCfg = Release|Any CPU
		{A80FF7AF-9CCB-4E25-8548-F85E8DF9551E}.Release|Any CPU.Build.0 = Release|Any CPU
	EndGlobalSection
	GlobalSection(SolutionProperties) = preSolution
		HideSolutionNode = FALSE
	EndGlobalSection
	GlobalSection(ExtensibilityGlobals) = postSolution
		SolutionGuid = {A8803E65-0896-440E-9612-2551CB061424}
	EndGlobalSection
EndGlobal
